
Microsoft Visual Studio Solution File, Format Version 12.00
# Visual Studio Version 17
VisualStudioVersion = 17.0.31903.59
MinimumVisualStudioVersion = 10.0.40219.1
Project("{FAE04EC0-301F-11D3-BF4B-00C04F79EFBC}") = "RestWithAspNETUdemy", "RestWithAspNETUdemy\RestWithAspNETUdemy.csproj", "{BCE96E61-570B-4B63-865B-6C639631702C}"
EndProject
Global
	GlobalSection(SolutionConfigurationPlatforms) = preSolution
		Debug|Any CPU = Debug|Any CPU
		Release|Any CPU = Release|Any CPU
	EndGlobalSection
	GlobalSection(SolutionProperties) = preSolution
		HideSolutionNode = FALSE
	EndGlobalSection
	GlobalSection(ProjectConfigurationPlatforms) = postSolution
		{BCE96E61-570B-4B63-865B-6C639631702C}.Debug|Any CPU.ActiveCfg = Debug|Any CPU
		{BCE96E61-570B-4B63-865B-6C639631702C}.Debug|Any CPU.Build.0 = Debug|Any CPU
		{BCE96E61-570B-4B63-865B-6C639631702C}.Release|Any CPU.ActiveCfg = Release|Any CPU
		{BCE96E61-570B-4B63-865B-6C639631702C}.Release|Any CPU.Build.0 = Release|Any CPU
	EndGlobalSection
EndGlobal
